
Microsoft Visual Studio Solution File, Format Version 12.00
# Visual Studio Version 16
VisualStudioVersion = 16.0.31624.102
MinimumVisualStudioVersion = 10.0.40219.1
Project("{FAE04EC0-301F-11D3-BF4B-00C04F79EFBC}") = "Selenium3", "Selenium3\Selenium3.csproj", "{617606A2-809D-4E21-B6B3-7ECB5E8F4EB6}"
EndProject
Global
	GlobalSection(SolutionConfigurationPlatforms) = preSolution
		Debug|Any CPU = Debug|Any CPU
		Release|Any CPU = Release|Any CPU
	EndGlobalSection
	GlobalSection(ProjectConfigurationPlatforms) = postSolution
		{617606A2-809D-4E21-B6B3-7ECB5E8F4EB6}.Debug|Any CPU.ActiveCfg = Debug|Any CPU
		{617606A2-809D-4E21-B6B3-7ECB5E8F4EB6}.Debug|Any CPU.Build.0 = Debug|Any CPU
		{617606A2-809D-4E21-B6B3-7ECB5E8F4EB6}.Release|Any CPU.ActiveCfg = Release|Any CPU
		{617606A2-809D-4E21-B6B3-7ECB5E8F4EB6}.Release|Any CPU.Build.0 = Release|Any CPU
	EndGlobalSection
	GlobalSection(SolutionProperties) = preSolution
		HideSolutionNode = FALSE
	EndGlobalSection
	GlobalSection(ExtensibilityGlobals) = postSolution
		SolutionGuid = {E0FFAE2D-51F1-4EAC-97F6-65EDC775EF90}
	EndGlobalSection
EndGlobal
